
Microsoft Visual Studio Solution File, Format Version 12.00
# Visual Studio Version 16
VisualStudioVersion = 16.0.32228.343
MinimumVisualStudioVersion = 10.0.40219.1
Project("{FAE04EC0-301F-11D3-BF4B-00C04F79EFBC}") = "Lab03System.IOReview", "Lab03System.IOReview\Lab03System.IOReview.csproj", "{8BACB49E-591B-433A-9498-174D203E64DF}"
EndProject
Project("{FAE04EC0-301F-11D3-BF4B-00C04F79EFBC}") = "review", "review\review.csproj", "{555FD7E5-E487-4484-92F5-B87FD294F476}"
EndProject
Global
	GlobalSection(SolutionConfigurationPlatforms) = preSolution
		Debug|Any CPU = Debug|Any CPU
		Release|Any CPU = Release|Any CPU
	EndGlobalSection
	GlobalSection(ProjectConfigurationPlatforms) = postSolution
		{8BACB49E-591B-433A-9498-174D203E64DF}.Debug|Any CPU.ActiveCfg = Debug|Any CPU
		{8BACB49E-591B-433A-9498-174D203E64DF}.Debug|Any CPU.Build.0 = Debug|Any CPU
		{8BACB49E-591B-433A-9498-174D203E64DF}.Release|Any CPU.ActiveCfg = Release|Any CPU
		{8BACB49E-591B-433A-9498-174D203E64DF}.Release|Any CPU.Build.0 = Release|Any CPU
		{555FD7E5-E487-4484-92F5-B87FD294F476}.Debug|Any CPU.ActiveCfg = Debug|Any CPU
		{555FD7E5-E487-4484-92F5-B87FD294F476}.Debug|Any CPU.Build.0 = Debug|Any CPU
		{555FD7E5-E487-4484-92F5-B87FD294F476}.Release|Any CPU.ActiveCfg = Release|Any CPU
		{555FD7E5-E487-4484-92F5-B87FD294F476}.Release|Any CPU.Build.0 = Release|Any CPU
	EndGlobalSection
	GlobalSection(SolutionProperties) = preSolution
		HideSolutionNode = FALSE
	EndGlobalSection
	GlobalSection(ExtensibilityGlobals) = postSolution
		SolutionGuid = {6BE61FF4-0D35-44A0-816A-6E33D8198941}
	EndGlobalSection
EndGlobal
